
Microsoft Visual Studio Solution File, Format Version 12.00
# Visual Studio 14
VisualStudioVersion = 14.0.25420.1
MinimumVisualStudioVersion = 10.0.40219.1
Project("{FAE04EC0-301F-11D3-BF4B-00C04F79EFBC}") = "ChangeString", "ChangeString\ChangeString.csproj", "{99ECE664-922D-4852-863C-6CF706C47F98}"
EndProject
Project("{FAE04EC0-301F-11D3-BF4B-00C04F79EFBC}") = "CompleteRange", "CompleteRange\CompleteRange.csproj", "{14263E3A-DD18-49F9-A152-19020A112551}"
EndProject
Project("{FAE04EC0-301F-11D3-BF4B-00C04F79EFBC}") = "MoneyParts", "MoneyParts\MoneyParts.csproj", "{6EBA0955-4961-4BE6-9AA7-6F961449927A}"
EndProject
Global
	GlobalSection(SolutionConfigurationPlatforms) = preSolution
		Debug|Any CPU = Debug|Any CPU
		Release|Any CPU = Release|Any CPU
	EndGlobalSection
	GlobalSection(ProjectConfigurationPlatforms) = postSolution
		{99ECE664-922D-4852-863C-6CF706C47F98}.Debug|Any CPU.ActiveCfg = Debug|Any CPU
		{99ECE664-922D-4852-863C-6CF706C47F98}.Debug|Any CPU.Build.0 = Debug|Any CPU
		{99ECE664-922D-4852-863C-6CF706C47F98}.Release|Any CPU.ActiveCfg = Release|Any CPU
		{99ECE664-922D-4852-863C-6CF706C47F98}.Release|Any CPU.Build.0 = Release|Any CPU
		{14263E3A-DD18-49F9-A152-19020A112551}.Debug|Any CPU.ActiveCfg = Debug|Any CPU
		{14263E3A-DD18-49F9-A152-19020A112551}.Debug|Any CPU.Build.0 = Debug|Any CPU
		{14263E3A-DD18-49F9-A152-19020A112551}.Release|Any CPU.ActiveCfg = Release|Any CPU
		{14263E3A-DD18-49F9-A152-19020A112551}.Release|Any CPU.Build.0 = Release|Any CPU
		{6EBA0955-4961-4BE6-9AA7-6F961449927A}.Debug|Any CPU.ActiveCfg = Debug|Any CPU
		{6EBA0955-4961-4BE6-9AA7-6F961449927A}.Debug|Any CPU.Build.0 = Debug|Any CPU
		{6EBA0955-4961-4BE6-9AA7-6F961449927A}.Release|Any CPU.ActiveCfg = Release|Any CPU
		{6EBA0955-4961-4BE6-9AA7-6F961449927A}.Release|Any CPU.Build.0 = Release|Any CPU
	EndGlobalSection
	GlobalSection(SolutionProperties) = preSolution
		HideSolutionNode = FALSE
	EndGlobalSection
EndGlobal
